
Microsoft Visual Studio Solution File, Format Version 12.00
# Visual Studio Version 17
VisualStudioVersion = 17.11.35312.102
MinimumVisualStudioVersion = 10.0.40219.1
Project("{2150E333-8FDC-42A3-9474-1A3956D46DE8}") = "Adapters", "Adapters", "{9483249F-1AB0-47B4-990E-6D274E6C2435}"
EndProject
Project("{FAE04EC0-301F-11D3-BF4B-00C04F79EFBC}") = "BN.CV.Evaluation.Api", "src\Adapters\BN.CV.Evaluation.Api\BN.CV.Evaluation.Api.csproj", "{E99FB83E-1737-4138-A252-68287FB40F1C}"
EndProject
Project("{2150E333-8FDC-42A3-9474-1A3956D46DE8}") = "Core", "Core", "{42C0BB73-D430-4E35-8FB8-AAC4993065D4}"
EndProject
Project("{FAE04EC0-301F-11D3-BF4B-00C04F79EFBC}") = "Infra.Data", "src\Core\Infra.Data\Infra.Data.csproj", "{5DFB7BAC-C6AF-47A1-9950-DED18276CF21}"
EndProject
Project("{FAE04EC0-301F-11D3-BF4B-00C04F79EFBC}") = "Domain", "src\Core\Domain\Domain.csproj", "{7F729522-DEA0-4F03-980E-1BA0B8F4DCE6}"
EndProject
Project("{FAE04EC0-301F-11D3-BF4B-00C04F79EFBC}") = "Infra.Ioc", "src\Core\Infra.Ioc\Infra.Ioc.csproj", "{3064A346-1EAE-4CBE-B23D-B858C519F564}"
EndProject
Global
	GlobalSection(SolutionConfigurationPlatforms) = preSolution
		Debug|Any CPU = Debug|Any CPU
		Release|Any CPU = Release|Any CPU
	EndGlobalSection
	GlobalSection(ProjectConfigurationPlatforms) = postSolution
		{E99FB83E-1737-4138-A252-68287FB40F1C}.Debug|Any CPU.ActiveCfg = Debug|Any CPU
		{E99FB83E-1737-4138-A252-68287FB40F1C}.Debug|Any CPU.Build.0 = Debug|Any CPU
		{E99FB83E-1737-4138-A252-68287FB40F1C}.Release|Any CPU.ActiveCfg = Release|Any CPU
		{E99FB83E-1737-4138-A252-68287FB40F1C}.Release|Any CPU.Build.0 = Release|Any CPU
		{5DFB7BAC-C6AF-47A1-9950-DED18276CF21}.Debug|Any CPU.ActiveCfg = Debug|Any CPU
		{5DFB7BAC-C6AF-47A1-9950-DED18276CF21}.Debug|Any CPU.Build.0 = Debug|Any CPU
		{5DFB7BAC-C6AF-47A1-9950-DED18276CF21}.Release|Any CPU.ActiveCfg = Release|Any CPU
		{5DFB7BAC-C6AF-47A1-9950-DED18276CF21}.Release|Any CPU.Build.0 = Release|Any CPU
		{7F729522-DEA0-4F03-980E-1BA0B8F4DCE6}.Debug|Any CPU.ActiveCfg = Debug|Any CPU
		{7F729522-DEA0-4F03-980E-1BA0B8F4DCE6}.Debug|Any CPU.Build.0 = Debug|Any CPU
		{7F729522-DEA0-4F03-980E-1BA0B8F4DCE6}.Release|Any CPU.ActiveCfg = Release|Any CPU
		{7F729522-DEA0-4F03-980E-1BA0B8F4DCE6}.Release|Any CPU.Build.0 = Release|Any CPU
		{3064A346-1EAE-4CBE-B23D-B858C519F564}.Debug|Any CPU.ActiveCfg = Debug|Any CPU
		{3064A346-1EAE-4CBE-B23D-B858C519F564}.Debug|Any CPU.Build.0 = Debug|Any CPU
		{3064A346-1EAE-4CBE-B23D-B858C519F564}.Release|Any CPU.ActiveCfg = Release|Any CPU
		{3064A346-1EAE-4CBE-B23D-B858C519F564}.Release|Any CPU.Build.0 = Release|Any CPU
	EndGlobalSection
	GlobalSection(SolutionProperties) = preSolution
		HideSolutionNode = FALSE
	EndGlobalSection
	GlobalSection(NestedProjects) = preSolution
		{E99FB83E-1737-4138-A252-68287FB40F1C} = {9483249F-1AB0-47B4-990E-6D274E6C2435}
		{5DFB7BAC-C6AF-47A1-9950-DED18276CF21} = {42C0BB73-D430-4E35-8FB8-AAC4993065D4}
		{7F729522-DEA0-4F03-980E-1BA0B8F4DCE6} = {42C0BB73-D430-4E35-8FB8-AAC4993065D4}
		{3064A346-1EAE-4CBE-B23D-B858C519F564} = {42C0BB73-D430-4E35-8FB8-AAC4993065D4}
	EndGlobalSection
	GlobalSection(ExtensibilityGlobals) = postSolution
		SolutionGuid = {60259835-7EE1-46BA-8E2A-724F6D48364A}
	EndGlobalSection
EndGlobal
